
Microsoft Visual Studio Solution File, Format Version 12.00
# Visual Studio Version 16
VisualStudioVersion = 16.0.31205.134
MinimumVisualStudioVersion = 10.0.40219.1
Project("{9A19103F-16F7-4668-BE54-9A1E7A4F7556}") = "DailyTasksApp", "DailyTasksApp\DailyTasksApp.csproj", "{19C11A52-7221-4948-989C-12A7D1B64C2A}"
EndProject
Global
	GlobalSection(SolutionConfigurationPlatforms) = preSolution
		Debug|Any CPU = Debug|Any CPU
		Release|Any CPU = Release|Any CPU
	EndGlobalSection
	GlobalSection(ProjectConfigurationPlatforms) = postSolution
		{19C11A52-7221-4948-989C-12A7D1B64C2A}.Debug|Any CPU.ActiveCfg = Debug|Any CPU
		{19C11A52-7221-4948-989C-12A7D1B64C2A}.Debug|Any CPU.Build.0 = Debug|Any CPU
		{19C11A52-7221-4948-989C-12A7D1B64C2A}.Release|Any CPU.ActiveCfg = Release|Any CPU
		{19C11A52-7221-4948-989C-12A7D1B64C2A}.Release|Any CPU.Build.0 = Release|Any CPU
	EndGlobalSection
	GlobalSection(SolutionProperties) = preSolution
		HideSolutionNode = FALSE
	EndGlobalSection
	GlobalSection(ExtensibilityGlobals) = postSolution
		SolutionGuid = {484750B9-9CAE-4792-8313-B2BA57C5BACB}
	EndGlobalSection
EndGlobal
